{
  "version": 4,
  "terraform_version": "0.12.16",
  "serial": 114,
  "lineage": "7c491fcf-2bb8-ab19-28f5-bfbce97e52c8",
  "outputs": {
    "log_uri": {
      "value": "s3n://aws-logs-4.3-4592-us-east-1/",
      "type": "string"
    },
    "master_public_dns": {
      "value": "ec2-18-215-234-227.compute-1.amazonaws.com",
      "type": "string"
    },
    "workspace_public_dns": {
      "value": "ec2-18-207-200-36.compute-1.amazonaws.com",
      "type": "string"
    }
  },
  "resources": [
    {
      "mode": "managed",
      "type": "aws_default_subnet",
      "name": "us-east-1-default-subnet",
      "provider": "provider.aws",
      "instances": [
        {
          "schema_version": 1,
          "attributes": {
            "arn": "arn:aws:ec2:us-east-1:324390468402:subnet/subnet-4aa58e16",
            "assign_ipv6_address_on_creation": false,
            "availability_zone": "us-east-1b",
            "availability_zone_id": "use1-az6",
            "cidr_block": "172.31.32.0/20",
            "id": "subnet-4aa58e16",
            "ipv6_cidr_block": "",
            "ipv6_cidr_block_association_id": "",
            "map_public_ip_on_launch": true,
            "owner_id": "324390468402",
            "tags": null,
            "timeouts": null,
            "vpc_id": "vpc-f062188a"
          },
          "private": "eyJlMmJmYjczMC1lY2FhLTExZTYtOGY4OC0zNDM2M2JjN2M0YzAiOnsiY3JlYXRlIjo2MDAwMDAwMDAwMDAsImRlbGV0ZSI6MTIwMDAwMDAwMDAwMH0sInNjaGVtYV92ZXJzaW9uIjoiMSJ9"
        }
      ]
    },
    {
      "mode": "managed",
      "type": "aws_emr_cluster",
      "name": "emr-test-cluster",
      "provider": "provider.aws",
      "instances": [
        {
          "schema_version": 0,
          "attributes": {
            "additional_info": null,
            "applications": [
              "Hadoop",
              "ZooKeeper"
            ],
            "autoscaling_role": "",
            "bootstrap_action": [],
            "cluster_state": "RUNNING",
            "configurations": "emr_configurations.json",
            "configurations_json": null,
            "core_instance_count": 2,
            "core_instance_group": [
              {
                "autoscaling_policy": "",
                "bid_price": "0.1",
                "ebs_config": [
                  {
                    "iops": null,
                    "size": 50,
                    "type": "gp2",
                    "volumes_per_instance": 1
                  }
                ],
                "id": "ig-UR4VSL5F1YY6",
                "instance_count": 2,
                "instance_type": "m4.large",
                "name": ""
              }
            ],
            "core_instance_type": "m4.large",
            "custom_ami_id": null,
            "ebs_root_volume_size": 0,
            "ec2_attributes": [
              {
                "additional_master_security_groups": "",
                "additional_slave_security_groups": "",
                "emr_managed_master_security_group": "sg-0b74501f5998cd877",
                "emr_managed_slave_security_group": "sg-0dc52d45e24e1a078",
                "instance_profile": "EMR_EC2_DefaultRole",
                "key_name": "project",
                "service_access_security_group": "",
                "subnet_id": "subnet-4aa58e16"
              }
            ],
            "id": "j-9ZJHKMNCKMUW",
            "instance_group": [
              {
                "autoscaling_policy": "",
                "bid_price": "0.1",
                "ebs_config": [
                  {
                    "iops": 0,
                    "size": 50,
                    "type": "gp2",
                    "volumes_per_instance": 1
                  }
                ],
                "id": "ig-393B6FVPA8W1N",
                "instance_count": 1,
                "instance_role": "MASTER",
                "instance_type": "m4.large",
                "name": ""
              },
              {
                "autoscaling_policy": "",
                "bid_price": "0.1",
                "ebs_config": [
                  {
                    "iops": 0,
                    "size": 50,
                    "type": "gp2",
                    "volumes_per_instance": 1
                  }
                ],
                "id": "ig-UR4VSL5F1YY6",
                "instance_count": 2,
                "instance_role": "CORE",
                "instance_type": "m4.large",
                "name": ""
              }
            ],
            "keep_job_flow_alive_when_no_steps": true,
            "kerberos_attributes": [],
            "log_uri": "s3n://aws-logs-4.3-4592-us-east-1/",
            "master_instance_group": [
              {
                "bid_price": "0.1",
                "ebs_config": [
                  {
                    "iops": null,
                    "size": 50,
                    "type": "gp2",
                    "volumes_per_instance": 1
                  }
                ],
                "id": "ig-393B6FVPA8W1N",
                "instance_count": 1,
                "instance_type": "m4.large",
                "name": ""
              }
            ],
            "master_instance_type": "m4.large",
            "master_public_dns": "ec2-18-215-234-227.compute-1.amazonaws.com",
            "name": "p43-emr-cluster",
            "release_label": "emr-5.13.0",
            "scale_down_behavior": "TERMINATE_AT_TASK_COMPLETION",
            "security_configuration": "",
            "service_role": "EMR_DefaultRole",
            "step": [
              {
                "action_on_failure": "TERMINATE_CLUSTER",
                "hadoop_jar_step": [
                  {
                    "args": [
                      "state-pusher-script"
                    ],
                    "jar": "command-runner.jar",
                    "main_class": "",
                    "properties": null
                  }
                ],
                "name": "Setup Hadoop Debugging"
              }
            ],
            "tags": {
              "Project": "4.3"
            },
            "termination_protection": false,
            "visible_to_all_users": true
          },
          "private": "bnVsbA==",
          "dependencies": [
            "aws_default_subnet.us-east-1-default-subnet",
            "aws_s3_bucket.logs_bucket",
            "aws_security_group.emr_master",
            "aws_security_group.emr_slave",
            "random_id.name"
          ]
        }
      ]
    },
    {
      "mode": "managed",
      "type": "aws_instance",
      "name": "student_on_demand_instance",
      "provider": "provider.aws",
      "instances": [
        {
          "schema_version": 1,
          "attributes": {
            "ami": "ami-0795e993eb27953cf",
            "arn": "arn:aws:ec2:us-east-1:324390468402:instance/i-06a50950ce5d448a1",
            "associate_public_ip_address": true,
            "availability_zone": "us-east-1b",
            "cpu_core_count": 1,
            "cpu_threads_per_core": 2,
            "credit_specification": [
              {
                "cpu_credits": "unlimited"
              }
            ],
            "disable_api_termination": false,
            "ebs_block_device": [],
            "ebs_optimized": false,
            "ephemeral_block_device": [],
            "get_password_data": false,
            "host_id": null,
            "iam_instance_profile": "",
            "id": "i-06a50950ce5d448a1",
            "instance_initiated_shutdown_behavior": null,
            "instance_state": "running",
            "instance_type": "t3.micro",
            "ipv6_address_count": 0,
            "ipv6_addresses": [],
            "key_name": "project",
            "monitoring": false,
            "network_interface": [],
            "network_interface_id": null,
            "password_data": "",
            "placement_group": "",
            "primary_network_interface_id": "eni-00168ba644f568863",
            "private_dns": "ip-172-31-38-228.ec2.internal",
            "private_ip": "172.31.38.228",
            "public_dns": "ec2-18-207-200-36.compute-1.amazonaws.com",
            "public_ip": "18.207.200.36",
            "root_block_device": [
              {
                "delete_on_termination": true,
                "encrypted": false,
                "iops": 100,
                "kms_key_id": "",
                "volume_id": "vol-00a94c70b5ec58174",
                "volume_size": 8,
                "volume_type": "gp2"
              }
            ],
            "security_groups": [
              "emr_master",
              "emr_slave",
              "terraform-20191205154303685700000001"
            ],
            "source_dest_check": true,
            "subnet_id": "subnet-4aa58e16",
            "tags": {
              "Name": "Cloud Computing Workspace Machine",
              "Project": "4.3"
            },
            "tenancy": "default",
            "timeouts": null,
            "user_data": null,
            "user_data_base64": null,
            "volume_tags": {},
            "vpc_security_group_ids": [
              "sg-06087d20215bf4cd6",
              "sg-0b74501f5998cd877",
              "sg-0dc52d45e24e1a078"
            ]
          },
          "private": "eyJlMmJmYjczMC1lY2FhLTExZTYtOGY4OC0zNDM2M2JjN2M0YzAiOnsiY3JlYXRlIjo2MDAwMDAwMDAwMDAsImRlbGV0ZSI6MTIwMDAwMDAwMDAwMCwidXBkYXRlIjo2MDAwMDAwMDAwMDB9LCJzY2hlbWFfdmVyc2lvbiI6IjEifQ==",
          "dependencies": [
            "aws_security_group.emr_master",
            "aws_security_group.emr_slave",
            "aws_security_group.student_ami_sg"
          ]
        }
      ]
    },
    {
      "mode": "managed",
      "type": "aws_s3_bucket",
      "name": "logs_bucket",
      "provider": "provider.aws",
      "instances": [
        {
          "schema_version": 0,
          "attributes": {
            "acceleration_status": "",
            "acl": "private",
            "arn": "arn:aws:s3:::aws-logs-4.3-4592-us-east-1",
            "bucket": "aws-logs-4.3-4592-us-east-1",
            "bucket_domain_name": "aws-logs-4.3-4592-us-east-1.s3.amazonaws.com",
            "bucket_prefix": null,
            "bucket_regional_domain_name": "aws-logs-4.3-4592-us-east-1.s3.amazonaws.com",
            "cors_rule": [],
            "force_destroy": true,
            "hosted_zone_id": "Z3AQBSTGFYJSTF",
            "id": "aws-logs-4.3-4592-us-east-1",
            "lifecycle_rule": [],
            "logging": [],
            "object_lock_configuration": [],
            "policy": null,
            "region": "us-east-1",
            "replication_configuration": [],
            "request_payer": "BucketOwner",
            "server_side_encryption_configuration": [],
            "tags": {
              "Project": "4.3"
            },
            "versioning": [
              {
                "enabled": false,
                "mfa_delete": false
              }
            ],
            "website": [],
            "website_domain": null,
            "website_endpoint": null
          },
          "private": "bnVsbA==",
          "dependencies": [
            "random_id.name"
          ]
        }
      ]
    },
    {
      "mode": "managed",
      "type": "aws_security_group",
      "name": "emr_master",
      "provider": "provider.aws",
      "instances": [
        {
          "schema_version": 1,
          "attributes": {
            "arn": "arn:aws:ec2:us-east-1:324390468402:security-group/sg-0b74501f5998cd877",
            "description": "emr_master",
            "egress": [
              {
                "cidr_blocks": [
                  "0.0.0.0/0"
                ],
                "description": "",
                "from_port": 0,
                "ipv6_cidr_blocks": [],
                "prefix_list_ids": [],
                "protocol": "-1",
                "security_groups": [],
                "self": false,
                "to_port": 0
              }
            ],
            "id": "sg-0b74501f5998cd877",
            "ingress": [
              {
                "cidr_blocks": [
                  "0.0.0.0/0"
                ],
                "description": "",
                "from_port": 22,
                "ipv6_cidr_blocks": [],
                "prefix_list_ids": [],
                "protocol": "tcp",
                "security_groups": [],
                "self": false,
                "to_port": 22
              }
            ],
            "name": "emr_master",
            "name_prefix": null,
            "owner_id": "324390468402",
            "revoke_rules_on_delete": true,
            "tags": null,
            "timeouts": null,
            "vpc_id": "vpc-f062188a"
          },
          "private": "eyJlMmJmYjczMC1lY2FhLTExZTYtOGY4OC0zNDM2M2JjN2M0YzAiOnsiY3JlYXRlIjo2MDAwMDAwMDAwMDAsImRlbGV0ZSI6NjAwMDAwMDAwMDAwfSwic2NoZW1hX3ZlcnNpb24iOiIxIn0="
        }
      ]
    },
    {
      "mode": "managed",
      "type": "aws_security_group",
      "name": "emr_slave",
      "provider": "provider.aws",
      "instances": [
        {
          "schema_version": 1,
          "attributes": {
            "arn": "arn:aws:ec2:us-east-1:324390468402:security-group/sg-0dc52d45e24e1a078",
            "description": "emr_slave",
            "egress": [
              {
                "cidr_blocks": [
                  "0.0.0.0/0"
                ],
                "description": "",
                "from_port": 0,
                "ipv6_cidr_blocks": [],
                "prefix_list_ids": [],
                "protocol": "-1",
                "security_groups": [],
                "self": false,
                "to_port": 0
              }
            ],
            "id": "sg-0dc52d45e24e1a078",
            "ingress": [],
            "name": "emr_slave",
            "name_prefix": null,
            "owner_id": "324390468402",
            "revoke_rules_on_delete": true,
            "tags": null,
            "timeouts": null,
            "vpc_id": "vpc-f062188a"
          },
          "private": "eyJlMmJmYjczMC1lY2FhLTExZTYtOGY4OC0zNDM2M2JjN2M0YzAiOnsiY3JlYXRlIjo2MDAwMDAwMDAwMDAsImRlbGV0ZSI6NjAwMDAwMDAwMDAwfSwic2NoZW1hX3ZlcnNpb24iOiIxIn0="
        }
      ]
    },
    {
      "mode": "managed",
      "type": "aws_security_group",
      "name": "student_ami_sg",
      "provider": "provider.aws",
      "instances": [
        {
          "schema_version": 1,
          "attributes": {
            "arn": "arn:aws:ec2:us-east-1:324390468402:security-group/sg-06087d20215bf4cd6",
            "description": "Managed by Terraform",
            "egress": [
              {
                "cidr_blocks": [
                  "0.0.0.0/0"
                ],
                "description": "",
                "from_port": 0,
                "ipv6_cidr_blocks": [],
                "prefix_list_ids": [],
                "protocol": "-1",
                "security_groups": [],
                "self": false,
                "to_port": 0
              }
            ],
            "id": "sg-06087d20215bf4cd6",
            "ingress": [
              {
                "cidr_blocks": [
                  "0.0.0.0/0"
                ],
                "description": "",
                "from_port": 22,
                "ipv6_cidr_blocks": [],
                "prefix_list_ids": [],
                "protocol": "tcp",
                "security_groups": [],
                "self": false,
                "to_port": 22
              },
              {
                "cidr_blocks": [
                  "0.0.0.0/0"
                ],
                "description": "",
                "from_port": 80,
                "ipv6_cidr_blocks": [],
                "prefix_list_ids": [],
                "protocol": "tcp",
                "security_groups": [],
                "self": false,
                "to_port": 80
              }
            ],
            "name": "terraform-20191205154303685700000001",
            "name_prefix": null,
            "owner_id": "324390468402",
            "revoke_rules_on_delete": false,
            "tags": {
              "Name": "Cloud Computing Workspace"
            },
            "timeouts": null,
            "vpc_id": "vpc-f062188a"
          },
          "private": "eyJlMmJmYjczMC1lY2FhLTExZTYtOGY4OC0zNDM2M2JjN2M0YzAiOnsiY3JlYXRlIjo2MDAwMDAwMDAwMDAsImRlbGV0ZSI6NjAwMDAwMDAwMDAwfSwic2NoZW1hX3ZlcnNpb24iOiIxIn0="
        }
      ]
    },
    {
      "mode": "managed",
      "type": "aws_security_group_rule",
      "name": "allow_all_traffic_from_master_to_slave",
      "provider": "provider.aws",
      "instances": [
        {
          "schema_version": 2,
          "attributes": {
            "cidr_blocks": null,
            "description": null,
            "from_port": 0,
            "id": "sgrule-2124465461",
            "ipv6_cidr_blocks": null,
            "prefix_list_ids": null,
            "protocol": "-1",
            "security_group_id": "sg-0dc52d45e24e1a078",
            "self": false,
            "source_security_group_id": "sg-0b74501f5998cd877",
            "to_port": 0,
            "type": "ingress"
          },
          "private": "eyJzY2hlbWFfdmVyc2lvbiI6IjIifQ==",
          "dependencies": [
            "aws_security_group.emr_master",
            "aws_security_group.emr_slave"
          ]
        }
      ]
    },
    {
      "mode": "managed",
      "type": "aws_security_group_rule",
      "name": "allow_all_traffic_from_slave_to_master",
      "provider": "provider.aws",
      "instances": [
        {
          "schema_version": 2,
          "attributes": {
            "cidr_blocks": null,
            "description": null,
            "from_port": 0,
            "id": "sgrule-3115382939",
            "ipv6_cidr_blocks": null,
            "prefix_list_ids": null,
            "protocol": "-1",
            "security_group_id": "sg-0b74501f5998cd877",
            "self": false,
            "source_security_group_id": "sg-0dc52d45e24e1a078",
            "to_port": 0,
            "type": "ingress"
          },
          "private": "eyJzY2hlbWFfdmVyc2lvbiI6IjIifQ==",
          "dependencies": [
            "aws_security_group.emr_master",
            "aws_security_group.emr_slave"
          ]
        }
      ]
    },
    {
      "mode": "managed",
      "type": "random_id",
      "name": "name",
      "provider": "provider.random",
      "instances": [
        {
          "schema_version": 0,
          "attributes": {
            "b64": "RZI",
            "b64_std": "RZI=",
            "b64_url": "RZI",
            "byte_length": 2,
            "dec": "17810",
            "hex": "4592",
            "id": "RZI",
            "keepers": null,
            "prefix": null
          },
          "private": "bnVsbA=="
        }
      ]
    }
  ]
}
